# @generated by Move, please check-in and do not edit manually.

[move]
version = 3
manifest_digest = "CE2EDF5B58EA08E2CADA21E038448E37D59CE0D3273C12FF2CBD79B06D1910CD"
deps_digest = "F8BBB0CCB2491CA29A3DF03D6F92277A4F3574266507ACD77214D37ECA3F3082"
dependencies = [
  { id = "Sui", name = "Sui" },
]

[[move.package]]
id = "MoveStdlib"
source = { git = "https://github.com/MystenLabs/sui.git", rev = "framework/testnet", subdir = "crates\\sui-framework\\packages\\move-stdlib" }

[[move.package]]
id = "Sui"
source = { git = "https://github.com/MystenLabs/sui.git", rev = "framework/testnet", subdir = "crates/sui-framework/packages/sui-framework" }

dependencies = [
  { id = "MoveStdlib", name = "MoveStdlib" },
]

[move.toolchain-version]
compiler-version = "1.44.3"
edition = "2024.beta"
flavor = "sui"

[env]

[env.testnet]
chain-id = "4c78adac"
original-published-id = "0xb348eb4b51b41b3dec746fde61b609849b52259e4d279cbf3b9fc269c28c9cf4"
latest-published-id = "0xb348eb4b51b41b3dec746fde61b609849b52259e4d279cbf3b9fc269c28c9cf4"
published-version = "1"

[env.mainnet]
chain-id = "35834a8a"
original-published-id = "0xd3b0c17369305a3b69cd4ded19b873b357e3910c2c942361692ee6ef5002e476"
latest-published-id = "0xd3b0c17369305a3b69cd4ded19b873b357e3910c2c942361692ee6ef5002e476"
published-version = "1"
